
Microsoft Visual Studio Solution File, Format Version 12.00
# Visual Studio Version 16
VisualStudioVersion = 16.0.29201.188
MinimumVisualStudioVersion = 10.0.40219.1
Project("{2150E333-8FDC-42A3-9474-1A3956D46DE8}") = "01 - Testes de Unidade", "01 - Testes de Unidade", "{6E4380FF-2B67-4378-B427-40E136CA1B0A}"
EndProject
Project("{2150E333-8FDC-42A3-9474-1A3956D46DE8}") = "1.1 - Testes Basicos", "1.1 - Testes Basicos", "{AB8881E9-40E3-4B2B-90D3-D2A9E1E39009}"
EndProject
Project("{9A19103F-16F7-4668-BE54-9A1E7A4F7556}") = "Demo", "01 - Testes de Unidade\Demo\Demo.csproj", "{B196EC8F-3D3B-4B61-B316-D0FAB7979CAA}"
EndProject
Project("{9A19103F-16F7-4668-BE54-9A1E7A4F7556}") = "Demo.Tests", "01 - Testes de Unidade\Demo.Tests\Demo.Tests.csproj", "{2CD43A86-711C-4ADD-A39F-C53BE2BB1703}"
EndProject
Project("{2150E333-8FDC-42A3-9474-1A3956D46DE8}") = "2.2 - Features", "2.2 - Features", "{0C7C6023-C654-4324-B370-FB2EE4602457}"
EndProject
Project("{9A19103F-16F7-4668-BE54-9A1E7A4F7556}") = "Features", "01 - Testes de Unidade\Features\Features.csproj", "{9A395D64-106C-4CA8-9627-34767D7CD133}"
EndProject
Project("{9A19103F-16F7-4668-BE54-9A1E7A4F7556}") = "Features.Tests", "01 - Testes de Unidade\Features.Tests\Features.Tests.csproj", "{D5E0ED0A-38A9-418A-A44F-7FC935425F7F}"
EndProject
Project("{2150E333-8FDC-42A3-9474-1A3956D46DE8}") = "02 - TDD", "02 - TDD", "{95E9A6BF-DB54-45BC-9957-AEBF723DF051}"
EndProject
Project("{2150E333-8FDC-42A3-9474-1A3956D46DE8}") = "Tests", "Tests", "{70B8CED1-B805-4DBE-8F1B-9CD0F86674B7}"
EndProject
Project("{FAE04EC0-301F-11D3-BF4B-00C04F79EFBC}") = "NerdStore.Vendas.Domain", "02 - TDD\src\NerdStore.Vendas.Domain\NerdStore.Vendas.Domain.csproj", "{D0C7CB7C-1872-416B-9E6D-2E57C0A836AB}"
EndProject
Project("{FAE04EC0-301F-11D3-BF4B-00C04F79EFBC}") = "NerdStore.Vendas.Application.Tests", "02 - TDD\tests\NerdStore.Vendas.Application.Tests\NerdStore.Vendas.Application.Tests.csproj", "{7DC60E13-4D7D-4D37-841E-E9BA73E98862}"
EndProject
Project("{FAE04EC0-301F-11D3-BF4B-00C04F79EFBC}") = "NerdStore.Vendas.Domain.Tests", "02 - TDD\tests\NerdStore.Vendas.Domain.Tests\NerdStore.Vendas.Domain.Tests.csproj", "{362E39A2-BB25-4270-B976-E5E600E827C4}"
EndProject
Global
	GlobalSection(SolutionConfigurationPlatforms) = preSolution
		Debug|Any CPU = Debug|Any CPU
		Release|Any CPU = Release|Any CPU
	EndGlobalSection
	GlobalSection(ProjectConfigurationPlatforms) = postSolution
		{B196EC8F-3D3B-4B61-B316-D0FAB7979CAA}.Debug|Any CPU.ActiveCfg = Debug|Any CPU
		{B196EC8F-3D3B-4B61-B316-D0FAB7979CAA}.Debug|Any CPU.Build.0 = Debug|Any CPU
		{B196EC8F-3D3B-4B61-B316-D0FAB7979CAA}.Release|Any CPU.ActiveCfg = Release|Any CPU
		{B196EC8F-3D3B-4B61-B316-D0FAB7979CAA}.Release|Any CPU.Build.0 = Release|Any CPU
		{2CD43A86-711C-4ADD-A39F-C53BE2BB1703}.Debug|Any CPU.ActiveCfg = Debug|Any CPU
		{2CD43A86-711C-4ADD-A39F-C53BE2BB1703}.Debug|Any CPU.Build.0 = Debug|Any CPU
		{2CD43A86-711C-4ADD-A39F-C53BE2BB1703}.Release|Any CPU.ActiveCfg = Release|Any CPU
		{2CD43A86-711C-4ADD-A39F-C53BE2BB1703}.Release|Any CPU.Build.0 = Release|Any CPU
		{9A395D64-106C-4CA8-9627-34767D7CD133}.Debug|Any CPU.ActiveCfg = Debug|Any CPU
		{9A395D64-106C-4CA8-9627-34767D7CD133}.Debug|Any CPU.Build.0 = Debug|Any CPU
		{9A395D64-106C-4CA8-9627-34767D7CD133}.Release|Any CPU.ActiveCfg = Release|Any CPU
		{9A395D64-106C-4CA8-9627-34767D7CD133}.Release|Any CPU.Build.0 = Release|Any CPU
		{D5E0ED0A-38A9-418A-A44F-7FC935425F7F}.Debug|Any CPU.ActiveCfg = Debug|Any CPU
		{D5E0ED0A-38A9-418A-A44F-7FC935425F7F}.Debug|Any CPU.Build.0 = Debug|Any CPU
		{D5E0ED0A-38A9-418A-A44F-7FC935425F7F}.Release|Any CPU.ActiveCfg = Release|Any CPU
		{D5E0ED0A-38A9-418A-A44F-7FC935425F7F}.Release|Any CPU.Build.0 = Release|Any CPU
		{D0C7CB7C-1872-416B-9E6D-2E57C0A836AB}.Debug|Any CPU.ActiveCfg = Debug|Any CPU
		{D0C7CB7C-1872-416B-9E6D-2E57C0A836AB}.Debug|Any CPU.Build.0 = Debug|Any CPU
		{D0C7CB7C-1872-416B-9E6D-2E57C0A836AB}.Release|Any CPU.ActiveCfg = Release|Any CPU
		{D0C7CB7C-1872-416B-9E6D-2E57C0A836AB}.Release|Any CPU.Build.0 = Release|Any CPU
		{7DC60E13-4D7D-4D37-841E-E9BA73E98862}.Debug|Any CPU.ActiveCfg = Debug|Any CPU
		{7DC60E13-4D7D-4D37-841E-E9BA73E98862}.Debug|Any CPU.Build.0 = Debug|Any CPU
		{7DC60E13-4D7D-4D37-841E-E9BA73E98862}.Release|Any CPU.ActiveCfg = Release|Any CPU
		{7DC60E13-4D7D-4D37-841E-E9BA73E98862}.Release|Any CPU.Build.0 = Release|Any CPU
		{362E39A2-BB25-4270-B976-E5E600E827C4}.Debug|Any CPU.ActiveCfg = Debug|Any CPU
		{362E39A2-BB25-4270-B976-E5E600E827C4}.Debug|Any CPU.Build.0 = Debug|Any CPU
		{362E39A2-BB25-4270-B976-E5E600E827C4}.Release|Any CPU.ActiveCfg = Release|Any CPU
		{362E39A2-BB25-4270-B976-E5E600E827C4}.Release|Any CPU.Build.0 = Release|Any CPU
	EndGlobalSection
	GlobalSection(SolutionProperties) = preSolution
		HideSolutionNode = FALSE
	EndGlobalSection
	GlobalSection(NestedProjects) = preSolution
		{AB8881E9-40E3-4B2B-90D3-D2A9E1E39009} = {6E4380FF-2B67-4378-B427-40E136CA1B0A}
		{B196EC8F-3D3B-4B61-B316-D0FAB7979CAA} = {AB8881E9-40E3-4B2B-90D3-D2A9E1E39009}
		{2CD43A86-711C-4ADD-A39F-C53BE2BB1703} = {AB8881E9-40E3-4B2B-90D3-D2A9E1E39009}
		{0C7C6023-C654-4324-B370-FB2EE4602457} = {6E4380FF-2B67-4378-B427-40E136CA1B0A}
		{9A395D64-106C-4CA8-9627-34767D7CD133} = {0C7C6023-C654-4324-B370-FB2EE4602457}
		{D5E0ED0A-38A9-418A-A44F-7FC935425F7F} = {0C7C6023-C654-4324-B370-FB2EE4602457}
		{70B8CED1-B805-4DBE-8F1B-9CD0F86674B7} = {95E9A6BF-DB54-45BC-9957-AEBF723DF051}
		{D0C7CB7C-1872-416B-9E6D-2E57C0A836AB} = {95E9A6BF-DB54-45BC-9957-AEBF723DF051}
		{7DC60E13-4D7D-4D37-841E-E9BA73E98862} = {70B8CED1-B805-4DBE-8F1B-9CD0F86674B7}
		{362E39A2-BB25-4270-B976-E5E600E827C4} = {70B8CED1-B805-4DBE-8F1B-9CD0F86674B7}
	EndGlobalSection
	GlobalSection(ExtensibilityGlobals) = postSolution
		SolutionGuid = {D3ECD5B5-41EE-414E-BCDE-8304C2BDBB9C}
	EndGlobalSection
EndGlobal
